// !$*UTF8*$!
{
	archiveVersion = 1;
	classes = {
	};
	objectVersion = 56;
	objects = {

/* Begin PBXBuildFile section */
		C21261822A26588A008AD770 /* CoreDataStack.swift in Sources */ = {isa = PBXBuildFile; fileRef = C21261812A26588A008AD770 /* CoreDataStack.swift */; };
		C21B2C452A57374D00CC7E25 /* Alamofire in Frameworks */ = {isa = PBXBuildFile; productRef = C21B2C442A57374D00CC7E25 /* Alamofire */; };
		C22222AE2A30C9FD005D9535 /* CoreDataManager.swift in Sources */ = {isa = PBXBuildFile; fileRef = C22222AD2A30C9FD005D9535 /* CoreDataManager.swift */; };
		C24FB8BA2A8D0EAA000ECC51 /* Hit.swift in Sources */ = {isa = PBXBuildFile; fileRef = C24FB8B92A8D0EAA000ECC51 /* Hit.swift */; };
		C24FB8BC2A8D0ECC000ECC51 /* Recipes.swift in Sources */ = {isa = PBXBuildFile; fileRef = C24FB8BB2A8D0ECC000ECC51 /* Recipes.swift */; };
		C2576F3C2A351B15006ECE33 /* CoreDataRecipe.swift in Sources */ = {isa = PBXBuildFile; fileRef = C2576F3B2A351B15006ECE33 /* CoreDataRecipe.swift */; };
		C262DCC22A68155000AE7DAD /* MockEdamamSession.swift in Sources */ = {isa = PBXBuildFile; fileRef = C262DCC12A68155000AE7DAD /* MockEdamamSession.swift */; };
		C262DCC62A6FFCA900AE7DAD /* Recipes.json in Resources */ = {isa = PBXBuildFile; fileRef = C262DCC52A6FFCA900AE7DAD /* Recipes.json */; };
		C262DCCA2A70049C00AE7DAD /* EdamamServiceTest.swift in Sources */ = {isa = PBXBuildFile; fileRef = C262DCC92A70049C00AE7DAD /* EdamamServiceTest.swift */; };
		C262DCCC2A7077A400AE7DAD /* CoreDataTests.swift in Sources */ = {isa = PBXBuildFile; fileRef = C262DCCB2A7077A400AE7DAD /* CoreDataTests.swift */; };
		C262DCCE2A708ED400AE7DAD /* CoreDataStackTest.swift in Sources */ = {isa = PBXBuildFile; fileRef = C262DCCD2A708ED400AE7DAD /* CoreDataStackTest.swift */; };
		C299CA072A2E5B1600437BFE /* Reciplease.xcdatamodeld in Sources */ = {isa = PBXBuildFile; fileRef = C299CA052A2E5B1600437BFE /* Reciplease.xcdatamodeld */; };
		C2BA639429E5B5CD0052484C /* AppDelegate.swift in Sources */ = {isa = PBXBuildFile; fileRef = C2BA639329E5B5CD0052484C /* AppDelegate.swift */; };
		C2BA639629E5B5CD0052484C /* SceneDelegate.swift in Sources */ = {isa = PBXBuildFile; fileRef = C2BA639529E5B5CD0052484C /* SceneDelegate.swift */; };
		C2BA639B29E5B5CD0052484C /* Main.storyboard in Resources */ = {isa = PBXBuildFile; fileRef = C2BA639929E5B5CD0052484C /* Main.storyboard */; };
		C2BA63A029E5B5CE0052484C /* Assets.xcassets in Resources */ = {isa = PBXBuildFile; fileRef = C2BA639F29E5B5CE0052484C /* Assets.xcassets */; };
		C2BA63A329E5B5CE0052484C /* LaunchScreen.storyboard in Resources */ = {isa = PBXBuildFile; fileRef = C2BA63A129E5B5CE0052484C /* LaunchScreen.storyboard */; };
		C2BA63BB29E625AE0052484C /* SearchViewController.swift in Sources */ = {isa = PBXBuildFile; fileRef = C2BA63BA29E625AE0052484C /* SearchViewController.swift */; };
		C2BA63BD29E625C90052484C /* FavoriteViewController.swift in Sources */ = {isa = PBXBuildFile; fileRef = C2BA63BC29E625C90052484C /* FavoriteViewController.swift */; };
		C2BB2A5829FB2B950054F369 /* Recipe.swift in Sources */ = {isa = PBXBuildFile; fileRef = C2BB2A5729FB2B950054F369 /* Recipe.swift */; };
		C2BB2A642A02A42C0054F369 /* EdamamService.swift in Sources */ = {isa = PBXBuildFile; fileRef = C2BB2A632A02A42C0054F369 /* EdamamService.swift */; };
		C2BB2A662A02B2040054F369 /* EdamamURL.swift in Sources */ = {isa = PBXBuildFile; fileRef = C2BB2A652A02B2040054F369 /* EdamamURL.swift */; };
		C2BB2A682A0955510054F369 /* NetworkManagement.swift in Sources */ = {isa = PBXBuildFile; fileRef = C2BB2A672A0955510054F369 /* NetworkManagement.swift */; };
		C2BB2A6B2A0957630054F369 /* EdamamManager.swift in Sources */ = {isa = PBXBuildFile; fileRef = C2BB2A6A2A0957630054F369 /* EdamamManager.swift */; };
		C2BB2A702A0C01890054F369 /* DetailsViewController.swift in Sources */ = {isa = PBXBuildFile; fileRef = C2BB2A6F2A0C01890054F369 /* DetailsViewController.swift */; };
		C2BB2A722A0D70F50054F369 /* ListTableViewController.swift in Sources */ = {isa = PBXBuildFile; fileRef = C2BB2A712A0D70F50054F369 /* ListTableViewController.swift */; };
		C2BB2A742A0EA5950054F369 /* RecipeTableViewCell.swift in Sources */ = {isa = PBXBuildFile; fileRef = C2BB2A732A0EA5950054F369 /* RecipeTableViewCell.swift */; };
		C2FBDC2E2A85A50700CD3982 /* XCTest.framework in Frameworks */ = {isa = PBXBuildFile; fileRef = C2FBDC2D2A85A50700CD3982 /* XCTest.framework */; settings = {ATTRIBUTES = (Weak, ); }; };
		C2FBDC302A86F6B300CD3982 /* MockedData.swift in Sources */ = {isa = PBXBuildFile; fileRef = C2FBDC2F2A86F6B300CD3982 /* MockedData.swift */; };
/* End PBXBuildFile section */

/* Begin PBXContainerItemProxy section */
		C2BA63B529E5B95C0052484C /* PBXContainerItemProxy */ = {
			isa = PBXContainerItemProxy;
			containerPortal = C2BA638829E5B5CD0052484C /* Project object */;
			proxyType = 1;
			remoteGlobalIDString = C2BA638F29E5B5CD0052484C;
			remoteInfo = Reciplease;
		};
/* End PBXContainerItemProxy section */

/* Begin PBXFileReference section */
		C21261812A26588A008AD770 /* CoreDataStack.swift */ = {isa = PBXFileReference; lastKnownFileType = sourcecode.swift; path = CoreDataStack.swift; sourceTree = "<group>"; };
		C22222AD2A30C9FD005D9535 /* CoreDataManager.swift */ = {isa = PBXFileReference; lastKnownFileType = sourcecode.swift; path = CoreDataManager.swift; sourceTree = "<group>"; };
		C24FB8B92A8D0EAA000ECC51 /* Hit.swift */ = {isa = PBXFileReference; lastKnownFileType = sourcecode.swift; path = Hit.swift; sourceTree = "<group>"; };
		C24FB8BB2A8D0ECC000ECC51 /* Recipes.swift */ = {isa = PBXFileReference; lastKnownFileType = sourcecode.swift; path = Recipes.swift; sourceTree = "<group>"; };
		C2576F3B2A351B15006ECE33 /* CoreDataRecipe.swift */ = {isa = PBXFileReference; lastKnownFileType = sourcecode.swift; path = CoreDataRecipe.swift; sourceTree = "<group>"; };
		C262DCC12A68155000AE7DAD /* MockEdamamSession.swift */ = {isa = PBXFileReference; lastKnownFileType = sourcecode.swift; path = MockEdamamSession.swift; sourceTree = "<group>"; };
		C262DCC52A6FFCA900AE7DAD /* Recipes.json */ = {isa = PBXFileReference; lastKnownFileType = text.json; path = Recipes.json; sourceTree = "<group>"; };
		C262DCC92A70049C00AE7DAD /* EdamamServiceTest.swift */ = {isa = PBXFileReference; lastKnownFileType = sourcecode.swift; path = EdamamServiceTest.swift; sourceTree = "<group>"; };
		C262DCCB2A7077A400AE7DAD /* CoreDataTests.swift */ = {isa = PBXFileReference; lastKnownFileType = sourcecode.swift; path = CoreDataTests.swift; sourceTree = "<group>"; };
		C262DCCD2A708ED400AE7DAD /* CoreDataStackTest.swift */ = {isa = PBXFileReference; lastKnownFileType = sourcecode.swift; path = CoreDataStackTest.swift; sourceTree = "<group>"; };
		C299CA062A2E5B1600437BFE /* Reciplease.xcdatamodel */ = {isa = PBXFileReference; lastKnownFileType = wrapper.xcdatamodel; path = Reciplease.xcdatamodel; sourceTree = "<group>"; };
		C2BA639029E5B5CD0052484C /* Reciplease.app */ = {isa = PBXFileReference; explicitFileType = wrapper.application; includeInIndex = 0; path = Reciplease.app; sourceTree = BUILT_PRODUCTS_DIR; };
		C2BA639329E5B5CD0052484C /* AppDelegate.swift */ = {isa = PBXFileReference; lastKnownFileType = sourcecode.swift; path = AppDelegate.swift; sourceTree = "<group>"; };
		C2BA639529E5B5CD0052484C /* SceneDelegate.swift */ = {isa = PBXFileReference; lastKnownFileType = sourcecode.swift; path = SceneDelegate.swift; sourceTree = "<group>"; };
		C2BA639A29E5B5CD0052484C /* Base */ = {isa = PBXFileReference; lastKnownFileType = file.storyboard; name = Base; path = Base.lproj/Main.storyboard; sourceTree = "<group>"; };
		C2BA639F29E5B5CE0052484C /* Assets.xcassets */ = {isa = PBXFileReference; lastKnownFileType = folder.assetcatalog; path = Assets.xcassets; sourceTree = "<group>"; };
		C2BA63A229E5B5CE0052484C /* Base */ = {isa = PBXFileReference; lastKnownFileType = file.storyboard; name = Base; path = Base.lproj/LaunchScreen.storyboard; sourceTree = "<group>"; };
		C2BA63A429E5B5CE0052484C /* Info.plist */ = {isa = PBXFileReference; lastKnownFileType = text.plist.xml; path = Info.plist; sourceTree = "<group>"; };
		C2BA63B129E5B95C0052484C /* RecipleaseTests.xctest */ = {isa = PBXFileReference; explicitFileType = wrapper.cfbundle; includeInIndex = 0; path = RecipleaseTests.xctest; sourceTree = BUILT_PRODUCTS_DIR; };
		C2BA63BA29E625AE0052484C /* SearchViewController.swift */ = {isa = PBXFileReference; lastKnownFileType = sourcecode.swift; path = SearchViewController.swift; sourceTree = "<group>"; };
		C2BA63BC29E625C90052484C /* FavoriteViewController.swift */ = {isa = PBXFileReference; lastKnownFileType = sourcecode.swift; path = FavoriteViewController.swift; sourceTree = "<group>"; };
		C2BB2A5729FB2B950054F369 /* Recipe.swift */ = {isa = PBXFileReference; lastKnownFileType = sourcecode.swift; path = Recipe.swift; sourceTree = "<group>"; };
		C2BB2A632A02A42C0054F369 /* EdamamService.swift */ = {isa = PBXFileReference; lastKnownFileType = sourcecode.swift; path = EdamamService.swift; sourceTree = "<group>"; };
		C2BB2A652A02B2040054F369 /* EdamamURL.swift */ = {isa = PBXFileReference; lastKnownFileType = sourcecode.swift; path = EdamamURL.swift; sourceTree = "<group>"; };
		C2BB2A672A0955510054F369 /* NetworkManagement.swift */ = {isa = PBXFileReference; lastKnownFileType = sourcecode.swift; path = NetworkManagement.swift; sourceTree = "<group>"; };
		C2BB2A6A2A0957630054F369 /* EdamamManager.swift */ = {isa = PBXFileReference; lastKnownFileType = sourcecode.swift; path = EdamamManager.swift; sourceTree = "<group>"; };
		C2BB2A6C2A0A92F00054F369 /* Secrets.xcconfig */ = {isa = PBXFileReference; lastKnownFileType = text.xcconfig; path = Secrets.xcconfig; sourceTree = "<group>"; };
		C2BB2A6F2A0C01890054F369 /* DetailsViewController.swift */ = {isa = PBXFileReference; lastKnownFileType = sourcecode.swift; path = DetailsViewController.swift; sourceTree = "<group>"; };
		C2BB2A712A0D70F50054F369 /* ListTableViewController.swift */ = {isa = PBXFileReference; lastKnownFileType = sourcecode.swift; path = ListTableViewController.swift; sourceTree = "<group>"; };
		C2BB2A732A0EA5950054F369 /* RecipeTableViewCell.swift */ = {isa = PBXFileReference; lastKnownFileType = sourcecode.swift; path = RecipeTableViewCell.swift; sourceTree = "<group>"; };
		C2FBDC282A84028B00CD3982 /* Reciplease.xctestplan */ = {isa = PBXFileReference; lastKnownFileType = text; path = Reciplease.xctestplan; sourceTree = "<group>"; };
		C2FBDC2D2A85A50700CD3982 /* XCTest.framework */ = {isa = PBXFileReference; lastKnownFileType = wrapper.framework; name = XCTest.framework; path = Platforms/iPhoneOS.platform/Developer/Library/Frameworks/XCTest.framework; sourceTree = DEVELOPER_DIR; };
		C2FBDC2F2A86F6B300CD3982 /* MockedData.swift */ = {isa = PBXFileReference; lastKnownFileType = sourcecode.swift; path = MockedData.swift; sourceTree = "<group>"; };
/* End PBXFileReference section */

/* Begin PBXFrameworksBuildPhase section */
		C2BA638D29E5B5CD0052484C /* Frameworks */ = {
			isa = PBXFrameworksBuildPhase;
			buildActionMask = 2147483647;
			files = (
				C2FBDC2E2A85A50700CD3982 /* XCTest.framework in Frameworks */,
				C21B2C452A57374D00CC7E25 /* Alamofire in Frameworks */,
			);
			runOnlyForDeploymentPostprocessing = 0;
		};
		C2BA63AE29E5B95C0052484C /* Frameworks */ = {
			isa = PBXFrameworksBuildPhase;
			buildActionMask = 2147483647;
			files = (
			);
			runOnlyForDeploymentPostprocessing = 0;
		};
/* End PBXFrameworksBuildPhase section */

/* Begin PBXGroup section */
		C262DCC32A6FF99100AE7DAD /* CoreDataTests */ = {
			isa = PBXGroup;
			children = (
				C262DCCD2A708ED400AE7DAD /* CoreDataStackTest.swift */,
				C262DCCB2A7077A400AE7DAD /* CoreDataTests.swift */,
			);
			path = CoreDataTests;
			sourceTree = "<group>";
		};
		C262DCC42A6FF9E100AE7DAD /* EdamamTest */ = {
			isa = PBXGroup;
			children = (
				C262DCC12A68155000AE7DAD /* MockEdamamSession.swift */,
				C2FBDC2F2A86F6B300CD3982 /* MockedData.swift */,
				C262DCC52A6FFCA900AE7DAD /* Recipes.json */,
				C262DCC92A70049C00AE7DAD /* EdamamServiceTest.swift */,
			);
			path = EdamamTest;
			sourceTree = "<group>";
		};
		C2BA638729E5B5CD0052484C = {
			isa = PBXGroup;
			children = (
				C2FBDC282A84028B00CD3982 /* Reciplease.xctestplan */,
				C2BB2A6C2A0A92F00054F369 /* Secrets.xcconfig */,
				C2BA639229E5B5CD0052484C /* Reciplease */,
				C2BA63B229E5B95C0052484C /* RecipleaseTests */,
				C2BA639129E5B5CD0052484C /* Products */,
				C2FBDC2C2A85A50700CD3982 /* Frameworks */,
			);
			sourceTree = "<group>";
		};
		C2BA639129E5B5CD0052484C /* Products */ = {
			isa = PBXGroup;
			children = (
				C2BA639029E5B5CD0052484C /* Reciplease.app */,
				C2BA63B129E5B95C0052484C /* RecipleaseTests.xctest */,
			);
			name = Products;
			sourceTree = "<group>";
		};
		C2BA639229E5B5CD0052484C /* Reciplease */ = {
			isa = PBXGroup;
			children = (
				C2BA639329E5B5CD0052484C /* AppDelegate.swift */,
				C2BA639529E5B5CD0052484C /* SceneDelegate.swift */,
				C2BA63A429E5B5CE0052484C /* Info.plist */,
				C2BA63AC29E5B7740052484C /* Model */,
				C2BA63AA29E5B7330052484C /* View */,
				C2BA63AB29E5B73F0052484C /* Controller */,
			);
			path = Reciplease;
			sourceTree = "<group>";
		};
		C2BA63AA29E5B7330052484C /* View */ = {
			isa = PBXGroup;
			children = (
				C2BA639F29E5B5CE0052484C /* Assets.xcassets */,
				C2BA63A129E5B5CE0052484C /* LaunchScreen.storyboard */,
				C2BA639929E5B5CD0052484C /* Main.storyboard */,
				C2BB2A732A0EA5950054F369 /* RecipeTableViewCell.swift */,
			);
			path = View;
			sourceTree = "<group>";
		};
		C2BA63AB29E5B73F0052484C /* Controller */ = {
			isa = PBXGroup;
			children = (
				C2BA63BA29E625AE0052484C /* SearchViewController.swift */,
				C2BB2A712A0D70F50054F369 /* ListTableViewController.swift */,
				C2BB2A6F2A0C01890054F369 /* DetailsViewController.swift */,
				C2BA63BC29E625C90052484C /* FavoriteViewController.swift */,
			);
			path = Controller;
			sourceTree = "<group>";
		};
		C2BA63AC29E5B7740052484C /* Model */ = {
			isa = PBXGroup;
			children = (
				C2BB2A672A0955510054F369 /* NetworkManagement.swift */,
				C2BA63C329F02AE60052484C /* CoreData */,
				C2BB2A692A09556E0054F369 /* Edamam */,
			);
			path = Model;
			sourceTree = "<group>";
		};
		C2BA63B229E5B95C0052484C /* RecipleaseTests */ = {
			isa = PBXGroup;
			children = (
				C262DCC42A6FF9E100AE7DAD /* EdamamTest */,
				C262DCC32A6FF99100AE7DAD /* CoreDataTests */,
			);
			path = RecipleaseTests;
			sourceTree = "<group>";
		};
		C2BA63C329F02AE60052484C /* CoreData */ = {
			isa = PBXGroup;
			children = (
				C299CA052A2E5B1600437BFE /* Reciplease.xcdatamodeld */,
				C21261812A26588A008AD770 /* CoreDataStack.swift */,
				C2576F3B2A351B15006ECE33 /* CoreDataRecipe.swift */,
				C22222AD2A30C9FD005D9535 /* CoreDataManager.swift */,
			);
			path = CoreData;
			sourceTree = "<group>";
		};
		C2BB2A692A09556E0054F369 /* Edamam */ = {
			isa = PBXGroup;
			children = (
				C24FB8B92A8D0EAA000ECC51 /* Hit.swift */,
				C24FB8BB2A8D0ECC000ECC51 /* Recipes.swift */,
				C2BB2A5729FB2B950054F369 /* Recipe.swift */,
				C2BB2A652A02B2040054F369 /* EdamamURL.swift */,
				C2BB2A632A02A42C0054F369 /* EdamamService.swift */,
				C2BB2A6A2A0957630054F369 /* EdamamManager.swift */,
			);
			path = Edamam;
			sourceTree = "<group>";
		};
		C2FBDC2C2A85A50700CD3982 /* Frameworks */ = {
			isa = PBXGroup;
			children = (
				C2FBDC2D2A85A50700CD3982 /* XCTest.framework */,
			);
			name = Frameworks;
			sourceTree = "<group>";
		};
/* End PBXGroup section */

/* Begin PBXNativeTarget section */
		C2BA638F29E5B5CD0052484C /* Reciplease */ = {
			isa = PBXNativeTarget;
			buildConfigurationList = C2BA63A729E5B5CE0052484C /* Build configuration list for PBXNativeTarget "Reciplease" */;
			buildPhases = (
				C2BA638C29E5B5CD0052484C /* Sources */,
				C2BA638D29E5B5CD0052484C /* Frameworks */,
				C2BA638E29E5B5CD0052484C /* Resources */,
			);
			buildRules = (
			);
			dependencies = (
			);
			name = Reciplease;
			packageProductDependencies = (
				C21B2C442A57374D00CC7E25 /* Alamofire */,
			);
			productName = Reciplease;
			productReference = C2BA639029E5B5CD0052484C /* Reciplease.app */;
			productType = "com.apple.product-type.application";
		};
		C2BA63B029E5B95C0052484C /* RecipleaseTests */ = {
			isa = PBXNativeTarget;
			buildConfigurationList = C2BA63B729E5B95C0052484C /* Build configuration list for PBXNativeTarget "RecipleaseTests" */;
			buildPhases = (
				C2BA63AD29E5B95C0052484C /* Sources */,
				C2BA63AE29E5B95C0052484C /* Frameworks */,
				C2BA63AF29E5B95C0052484C /* Resources */,
			);
			buildRules = (
			);
			dependencies = (
				C2BA63B629E5B95C0052484C /* PBXTargetDependency */,
			);
			name = RecipleaseTests;
			productName = RecipleaseTests;
			productReference = C2BA63B129E5B95C0052484C /* RecipleaseTests.xctest */;
			productType = "com.apple.product-type.bundle.unit-test";
		};
/* End PBXNativeTarget section */

/* Begin PBXProject section */
		C2BA638829E5B5CD0052484C /* Project object */ = {
			isa = PBXProject;
			attributes = {
				BuildIndependentTargetsInParallel = 1;
				LastSwiftUpdateCheck = 1430;
				LastUpgradeCheck = 1430;
				TargetAttributes = {
					C2BA638F29E5B5CD0052484C = {
						CreatedOnToolsVersion = 14.3;
					};
					C2BA63B029E5B95C0052484C = {
						CreatedOnToolsVersion = 14.3;
						TestTargetID = C2BA638F29E5B5CD0052484C;
					};
				};
			};
			buildConfigurationList = C2BA638B29E5B5CD0052484C /* Build configuration list for PBXProject "Reciplease" */;
			compatibilityVersion = "Xcode 14.0";
			developmentRegion = en;
			hasScannedForEncodings = 0;
			knownRegions = (
				en,
				Base,
			);
			mainGroup = C2BA638729E5B5CD0052484C;
			packageReferences = (
				C21B2C432A57374D00CC7E25 /* XCRemoteSwiftPackageReference "Alamofire" */,
			);
			productRefGroup = C2BA639129E5B5CD0052484C /* Products */;
			projectDirPath = "";
			projectRoot = "";
			targets = (
				C2BA638F29E5B5CD0052484C /* Reciplease */,
				C2BA63B029E5B95C0052484C /* RecipleaseTests */,
			);
		};
/* End PBXProject section */

/* Begin PBXResourcesBuildPhase section */
		C2BA638E29E5B5CD0052484C /* Resources */ = {
			isa = PBXResourcesBuildPhase;
			buildActionMask = 2147483647;
			files = (
				C2BA63A329E5B5CE0052484C /* LaunchScreen.storyboard in Resources */,
				C2BA63A029E5B5CE0052484C /* Assets.xcassets in Resources */,
				C2BA639B29E5B5CD0052484C /* Main.storyboard in Resources */,
			);
			runOnlyForDeploymentPostprocessing = 0;
		};
		C2BA63AF29E5B95C0052484C /* Resources */ = {
			isa = PBXResourcesBuildPhase;
			buildActionMask = 2147483647;
			files = (
				C262DCC62A6FFCA900AE7DAD /* Recipes.json in Resources */,
			);
			runOnlyForDeploymentPostprocessing = 0;
		};
/* End PBXResourcesBuildPhase section */

/* Begin PBXSourcesBuildPhase section */
		C2BA638C29E5B5CD0052484C /* Sources */ = {
			isa = PBXSourcesBuildPhase;
			buildActionMask = 2147483647;
			files = (
				C2BA63BB29E625AE0052484C /* SearchViewController.swift in Sources */,
				C2BB2A682A0955510054F369 /* NetworkManagement.swift in Sources */,
				C2BB2A6B2A0957630054F369 /* EdamamManager.swift in Sources */,
				C2BB2A742A0EA5950054F369 /* RecipeTableViewCell.swift in Sources */,
				C2BB2A5829FB2B950054F369 /* Recipe.swift in Sources */,
				C22222AE2A30C9FD005D9535 /* CoreDataManager.swift in Sources */,
				C2BB2A722A0D70F50054F369 /* ListTableViewController.swift in Sources */,
				C24FB8BC2A8D0ECC000ECC51 /* Recipes.swift in Sources */,
				C21261822A26588A008AD770 /* CoreDataStack.swift in Sources */,
				C2BB2A662A02B2040054F369 /* EdamamURL.swift in Sources */,
				C2BA639429E5B5CD0052484C /* AppDelegate.swift in Sources */,
				C24FB8BA2A8D0EAA000ECC51 /* Hit.swift in Sources */,
				C2576F3C2A351B15006ECE33 /* CoreDataRecipe.swift in Sources */,
				C2BB2A642A02A42C0054F369 /* EdamamService.swift in Sources */,
				C2BA63BD29E625C90052484C /* FavoriteViewController.swift in Sources */,
				C299CA072A2E5B1600437BFE /* Reciplease.xcdatamodeld in Sources */,
				C2BA639629E5B5CD0052484C /* SceneDelegate.swift in Sources */,
				C2BB2A702A0C01890054F369 /* DetailsViewController.swift in Sources */,
			);
			runOnlyForDeploymentPostprocessing = 0;
		};
		C2BA63AD29E5B95C0052484C /* Sources */ = {
			isa = PBXSourcesBuildPhase;
			buildActionMask = 2147483647;
			files = (
				C2FBDC302A86F6B300CD3982 /* MockedData.swift in Sources */,
				C262DCCA2A70049C00AE7DAD /* EdamamServiceTest.swift in Sources */,
				C262DCC22A68155000AE7DAD /* MockEdamamSession.swift in Sources */,
				C262DCCC2A7077A400AE7DAD /* CoreDataTests.swift in Sources */,
				C262DCCE2A708ED400AE7DAD /* CoreDataStackTest.swift in Sources */,
			);
			runOnlyForDeploymentPostprocessing = 0;
		};
/* End PBXSourcesBuildPhase section */

/* Begin PBXTargetDependency section */
		C2BA63B629E5B95C0052484C /* PBXTargetDependency */ = {
			isa = PBXTargetDependency;
			target = C2BA638F29E5B5CD0052484C /* Reciplease */;
			targetProxy = C2BA63B529E5B95C0052484C /* PBXContainerItemProxy */;
		};
/* End PBXTargetDependency section */

/* Begin PBXVariantGroup section */
		C2BA639929E5B5CD0052484C /* Main.storyboard */ = {
			isa = PBXVariantGroup;
			children = (
				C2BA639A29E5B5CD0052484C /* Base */,
			);
			name = Main.storyboard;
			sourceTree = "<group>";
		};
		C2BA63A129E5B5CE0052484C /* LaunchScreen.storyboard */ = {
			isa = PBXVariantGroup;
			children = (
				C2BA63A229E5B5CE0052484C /* Base */,
			);
			name = LaunchScreen.storyboard;
			sourceTree = "<group>";
		};
/* End PBXVariantGroup section */

/* Begin XCBuildConfiguration section */
		C2BA63A529E5B5CE0052484C /* Debug */ = {
			isa = XCBuildConfiguration;
			baseConfigurationReference = C2BB2A6C2A0A92F00054F369 /* Secrets.xcconfig */;
			buildSettings = {
				ALWAYS_SEARCH_USER_PATHS = NO;
				CLANG_ANALYZER_NONNULL = YES;
				CLANG_ANALYZER_NUMBER_OBJECT_CONVERSION = YES_AGGRESSIVE;
				CLANG_CXX_LANGUAGE_STANDARD = "gnu++20";
				CLANG_ENABLE_MODULES = YES;
				CLANG_ENABLE_OBJC_ARC = YES;
				CLANG_ENABLE_OBJC_WEAK = YES;
				CLANG_WARN_BLOCK_CAPTURE_AUTORELEASING = YES;
				CLANG_WARN_BOOL_CONVERSION = YES;
				CLANG_WARN_COMMA = YES;
				CLANG_WARN_CONSTANT_CONVERSION = YES;
				CLANG_WARN_DEPRECATED_OBJC_IMPLEMENTATIONS = YES;
				CLANG_WARN_DIRECT_OBJC_ISA_USAGE = YES_ERROR;
				CLANG_WARN_DOCUMENTATION_COMMENTS = YES;
				CLANG_WARN_EMPTY_BODY = YES;
				CLANG_WARN_ENUM_CONVERSION = YES;
				CLANG_WARN_INFINITE_RECURSION = YES;
				CLANG_WARN_INT_CONVERSION = YES;
				CLANG_WARN_NON_LITERAL_NULL_CONVERSION = YES;
				CLANG_WARN_OBJC_IMPLICIT_RETAIN_SELF = YES;
				CLANG_WARN_OBJC_LITERAL_CONVERSION = YES;
				CLANG_WARN_OBJC_ROOT_CLASS = YES_ERROR;
				CLANG_WARN_QUOTED_INCLUDE_IN_FRAMEWORK_HEADER = YES;
				CLANG_WARN_RANGE_LOOP_ANALYSIS = YES;
				CLANG_WARN_STRICT_PROTOTYPES = YES;
				CLANG_WARN_SUSPICIOUS_MOVE = YES;
				CLANG_WARN_UNGUARDED_AVAILABILITY = YES_AGGRESSIVE;
				CLANG_WARN_UNREACHABLE_CODE = YES;
				CLANG_WARN__DUPLICATE_METHOD_MATCH = YES;
				COPY_PHASE_STRIP = NO;
				DEBUG_INFORMATION_FORMAT = dwarf;
				ENABLE_STRICT_OBJC_MSGSEND = YES;
				ENABLE_TESTABILITY = YES;
				GCC_C_LANGUAGE_STANDARD = gnu11;
				GCC_DYNAMIC_NO_PIC = NO;
				GCC_NO_COMMON_BLOCKS = YES;
				GCC_OPTIMIZATION_LEVEL = 0;
				GCC_PREPROCESSOR_DEFINITIONS = (
					"DEBUG=1",
					"$(inherited)",
				);
				GCC_WARN_64_TO_32_BIT_CONVERSION = YES;
				GCC_WARN_ABOUT_RETURN_TYPE = YES_ERROR;
				GCC_WARN_UNDECLARED_SELECTOR = YES;
				GCC_WARN_UNINITIALIZED_AUTOS = YES_AGGRESSIVE;
				GCC_WARN_UNUSED_FUNCTION = YES;
				GCC_WARN_UNUSED_VARIABLE = YES;
				IPHONEOS_DEPLOYMENT_TARGET = 16.4;
				MTL_ENABLE_DEBUG_INFO = INCLUDE_SOURCE;
				MTL_FAST_MATH = YES;
				ONLY_ACTIVE_ARCH = YES;
				SDKROOT = iphoneos;
				SWIFT_ACTIVE_COMPILATION_CONDITIONS = DEBUG;
				SWIFT_OPTIMIZATION_LEVEL = "-Onone";
			};
			name = Debug;
		};
		C2BA63A629E5B5CE0052484C /* Release */ = {
			isa = XCBuildConfiguration;
			baseConfigurationReference = C2BB2A6C2A0A92F00054F369 /* Secrets.xcconfig */;
			buildSettings = {
				ALWAYS_SEARCH_USER_PATHS = NO;
				CLANG_ANALYZER_NONNULL = YES;
				CLANG_ANALYZER_NUMBER_OBJECT_CONVERSION = YES_AGGRESSIVE;
				CLANG_CXX_LANGUAGE_STANDARD = "gnu++20";
				CLANG_ENABLE_MODULES = YES;
				CLANG_ENABLE_OBJC_ARC = YES;
				CLANG_ENABLE_OBJC_WEAK = YES;
				CLANG_WARN_BLOCK_CAPTURE_AUTORELEASING = YES;
				CLANG_WARN_BOOL_CONVERSION = YES;
				CLANG_WARN_COMMA = YES;
				CLANG_WARN_CONSTANT_CONVERSION = YES;
				CLANG_WARN_DEPRECATED_OBJC_IMPLEMENTATIONS = YES;
				CLANG_WARN_DIRECT_OBJC_ISA_USAGE = YES_ERROR;
				CLANG_WARN_DOCUMENTATION_COMMENTS = YES;
				CLANG_WARN_EMPTY_BODY = YES;
				CLANG_WARN_ENUM_CONVERSION = YES;
				CLANG_WARN_INFINITE_RECURSION = YES;
				CLANG_WARN_INT_CONVERSION = YES;
				CLANG_WARN_NON_LITERAL_NULL_CONVERSION = YES;
				CLANG_WARN_OBJC_IMPLICIT_RETAIN_SELF = YES;
				CLANG_WARN_OBJC_LITERAL_CONVERSION = YES;
				CLANG_WARN_OBJC_ROOT_CLASS = YES_ERROR;
				CLANG_WARN_QUOTED_INCLUDE_IN_FRAMEWORK_HEADER = YES;
				CLANG_WARN_RANGE_LOOP_ANALYSIS = YES;
				CLANG_WARN_STRICT_PROTOTYPES = YES;
				CLANG_WARN_SUSPICIOUS_MOVE = YES;
				CLANG_WARN_UNGUARDED_AVAILABILITY = YES_AGGRESSIVE;
				CLANG_WARN_UNREACHABLE_CODE = YES;
				CLANG_WARN__DUPLICATE_METHOD_MATCH = YES;
				COPY_PHASE_STRIP = NO;
				DEBUG_INFORMATION_FORMAT = "dwarf-with-dsym";
				ENABLE_NS_ASSERTIONS = NO;
				ENABLE_STRICT_OBJC_MSGSEND = YES;
				GCC_C_LANGUAGE_STANDARD = gnu11;
				GCC_NO_COMMON_BLOCKS = YES;
				GCC_WARN_64_TO_32_BIT_CONVERSION = YES;
				GCC_WARN_ABOUT_RETURN_TYPE = YES_ERROR;
				GCC_WARN_UNDECLARED_SELECTOR = YES;
				GCC_WARN_UNINITIALIZED_AUTOS = YES_AGGRESSIVE;
				GCC_WARN_UNUSED_FUNCTION = YES;
				GCC_WARN_UNUSED_VARIABLE = YES;
				IPHONEOS_DEPLOYMENT_TARGET = 16.4;
				MTL_ENABLE_DEBUG_INFO = NO;
				MTL_FAST_MATH = YES;
				SDKROOT = iphoneos;
				SWIFT_COMPILATION_MODE = wholemodule;
				SWIFT_OPTIMIZATION_LEVEL = "-O";
				VALIDATE_PRODUCT = YES;
			};
			name = Release;
		};
		C2BA63A829E5B5CE0052484C /* Debug */ = {
			isa = XCBuildConfiguration;
			buildSettings = {
				ASSETCATALOG_COMPILER_APPICON_NAME = AppIcon;
				ASSETCATALOG_COMPILER_GLOBAL_ACCENT_COLOR_NAME = AccentColor;
				CODE_SIGN_STYLE = Automatic;
				CURRENT_PROJECT_VERSION = 1;
				GENERATE_INFOPLIST_FILE = YES;
				INFOPLIST_FILE = Reciplease/Info.plist;
				INFOPLIST_KEY_UIApplicationSupportsIndirectInputEvents = YES;
				INFOPLIST_KEY_UILaunchStoryboardName = LaunchScreen;
				INFOPLIST_KEY_UIMainStoryboardFile = Main;
				INFOPLIST_KEY_UISupportedInterfaceOrientations_iPad = "UIInterfaceOrientationPortrait UIInterfaceOrientationPortraitUpsideDown UIInterfaceOrientationLandscapeLeft UIInterfaceOrientationLandscapeRight";
				INFOPLIST_KEY_UISupportedInterfaceOrientations_iPhone = "UIInterfaceOrientationPortrait UIInterfaceOrientationLandscapeLeft UIInterfaceOrientationLandscapeRight";
				LD_RUNPATH_SEARCH_PATHS = (
					"$(inherited)",
					"@executable_path/Frameworks",
				);
				MARKETING_VERSION = 1.0;
				PRODUCT_BUNDLE_IDENTIFIER = StudioCreoliste.Reciplease;
				PRODUCT_NAME = "$(TARGET_NAME)";
				SUPPORTED_PLATFORMS = "iphoneos iphonesimulator";
				SUPPORTS_MACCATALYST = NO;
				SUPPORTS_MAC_DESIGNED_FOR_IPHONE_IPAD = NO;
				SWIFT_EMIT_LOC_STRINGS = YES;
				SWIFT_VERSION = 5.0;
				TARGETED_DEVICE_FAMILY = 1;
			};
			name = Debug;
		};
		C2BA63A929E5B5CE0052484C /* Release */ = {
			isa = XCBuildConfiguration;
			buildSettings = {
				ASSETCATALOG_COMPILER_APPICON_NAME = AppIcon;
				ASSETCATALOG_COMPILER_GLOBAL_ACCENT_COLOR_NAME = AccentColor;
				CODE_SIGN_STYLE = Automatic;
				CURRENT_PROJECT_VERSION = 1;
				GENERATE_INFOPLIST_FILE = YES;
				INFOPLIST_FILE = Reciplease/Info.plist;
				INFOPLIST_KEY_UIApplicationSupportsIndirectInputEvents = YES;
				INFOPLIST_KEY_UILaunchStoryboardName = LaunchScreen;
				INFOPLIST_KEY_UIMainStoryboardFile = Main;
				INFOPLIST_KEY_UISupportedInterfaceOrientations_iPad = "UIInterfaceOrientationPortrait UIInterfaceOrientationPortraitUpsideDown UIInterfaceOrientationLandscapeLeft UIInterfaceOrientationLandscapeRight";
				INFOPLIST_KEY_UISupportedInterfaceOrientations_iPhone = "UIInterfaceOrientationPortrait UIInterfaceOrientationLandscapeLeft UIInterfaceOrientationLandscapeRight";
				LD_RUNPATH_SEARCH_PATHS = (
					"$(inherited)",
					"@executable_path/Frameworks",
				);
				MARKETING_VERSION = 1.0;
				PRODUCT_BUNDLE_IDENTIFIER = StudioCreoliste.Reciplease;
				PRODUCT_NAME = "$(TARGET_NAME)";
				SUPPORTED_PLATFORMS = "iphoneos iphonesimulator";
				SUPPORTS_MACCATALYST = NO;
				SUPPORTS_MAC_DESIGNED_FOR_IPHONE_IPAD = NO;
				SWIFT_EMIT_LOC_STRINGS = YES;
				SWIFT_VERSION = 5.0;
				TARGETED_DEVICE_FAMILY = 1;
			};
			name = Release;
		};
		C2BA63B829E5B95C0052484C /* Debug */ = {
			isa = XCBuildConfiguration;
			buildSettings = {
				BUNDLE_LOADER = "$(TEST_HOST)";
				CODE_SIGN_STYLE = Automatic;
				CURRENT_PROJECT_VERSION = 1;
				GENERATE_INFOPLIST_FILE = YES;
				MARKETING_VERSION = 1.0;
				PRODUCT_BUNDLE_IDENTIFIER = StudioCreoliste.RecipleaseTests;
				PRODUCT_NAME = "$(TARGET_NAME)";
				SWIFT_EMIT_LOC_STRINGS = NO;
				SWIFT_VERSION = 5.0;
				TARGETED_DEVICE_FAMILY = "1,2";
				TEST_HOST = "$(BUILT_PRODUCTS_DIR)/Reciplease.app/$(BUNDLE_EXECUTABLE_FOLDER_PATH)/Reciplease";
			};
			name = Debug;
		};
		C2BA63B929E5B95C0052484C /* Release */ = {
			isa = XCBuildConfiguration;
			buildSettings = {
				BUNDLE_LOADER = "$(TEST_HOST)";
				CODE_SIGN_STYLE = Automatic;
				CURRENT_PROJECT_VERSION = 1;
				GENERATE_INFOPLIST_FILE = YES;
				MARKETING_VERSION = 1.0;
				PRODUCT_BUNDLE_IDENTIFIER = StudioCreoliste.RecipleaseTests;
				PRODUCT_NAME = "$(TARGET_NAME)";
				SWIFT_EMIT_LOC_STRINGS = NO;
				SWIFT_VERSION = 5.0;
				TARGETED_DEVICE_FAMILY = "1,2";
				TEST_HOST = "$(BUILT_PRODUCTS_DIR)/Reciplease.app/$(BUNDLE_EXECUTABLE_FOLDER_PATH)/Reciplease";
			};
			name = Release;
		};
/* End XCBuildConfiguration section */

/* Begin XCConfigurationList section */
		C2BA638B29E5B5CD0052484C /* Build configuration list for PBXProject "Reciplease" */ = {
			isa = XCConfigurationList;
			buildConfigurations = (
				C2BA63A529E5B5CE0052484C /* Debug */,
				C2BA63A629E5B5CE0052484C /* Release */,
			);
			defaultConfigurationIsVisible = 0;
			defaultConfigurationName = Release;
		};
		C2BA63A729E5B5CE0052484C /* Build configuration list for PBXNativeTarget "Reciplease" */ = {
			isa = XCConfigurationList;
			buildConfigurations = (
				C2BA63A829E5B5CE0052484C /* Debug */,
				C2BA63A929E5B5CE0052484C /* Release */,
			);
			defaultConfigurationIsVisible = 0;
			defaultConfigurationName = Release;
		};
		C2BA63B729E5B95C0052484C /* Build configuration list for PBXNativeTarget "RecipleaseTests" */ = {
			isa = XCConfigurationList;
			buildConfigurations = (
				C2BA63B829E5B95C0052484C /* Debug */,
				C2BA63B929E5B95C0052484C /* Release */,
			);
			defaultConfigurationIsVisible = 0;
			defaultConfigurationName = Release;
		};
/* End XCConfigurationList section */

/* Begin XCRemoteSwiftPackageReference section */
		C21B2C432A57374D00CC7E25 /* XCRemoteSwiftPackageReference "Alamofire" */ = {
			isa = XCRemoteSwiftPackageReference;
			repositoryURL = "https://github.com/Alamofire/Alamofire";
			requirement = {
				kind = upToNextMajorVersion;
				minimumVersion = 5.0.0;
			};
		};
/* End XCRemoteSwiftPackageReference section */

/* Begin XCSwiftPackageProductDependency section */
		C21B2C442A57374D00CC7E25 /* Alamofire */ = {
			isa = XCSwiftPackageProductDependency;
			package = C21B2C432A57374D00CC7E25 /* XCRemoteSwiftPackageReference "Alamofire" */;
			productName = Alamofire;
		};
/* End XCSwiftPackageProductDependency section */

/* Begin XCVersionGroup section */
		C299CA052A2E5B1600437BFE /* Reciplease.xcdatamodeld */ = {
			isa = XCVersionGroup;
			children = (
				C299CA062A2E5B1600437BFE /* Reciplease.xcdatamodel */,
			);
			currentVersion = C299CA062A2E5B1600437BFE /* Reciplease.xcdatamodel */;
			path = Reciplease.xcdatamodeld;
			sourceTree = "<group>";
			versionGroupType = wrapper.xcdatamodel;
		};
/* End XCVersionGroup section */
	};
	rootObject = C2BA638829E5B5CD0052484C /* Project object */;
}
